SET_LOCATION_ASSIGNMENT PIN_87 -to leds[3]
SET_LOCATION_ASSIGNMENT PIN_86 -to leds[2]
SET_LOCATION_ASSIGNMENT PIN_85 -to leds[1]
SET_LOCATION_ASSIGNMENT PIN_84 -to leds[0]

SET_LOCATION_ASSIGNMENT PIN_23 -to clock
SET_LOCATION_ASSIGNMENT PIN_25 -to reset

SET_LOCATION_ASSIGNMENT PIN_88 -to push
SET_LOCATION_ASSIGNMENT PIN_89 -to pop
